// !$*UTF8*$!
{
	archiveVersion = 1;
	classes = {
	};
	objectVersion = 50;
	objects = {

/* Begin PBXBuildFile section */
		AA0A408B54618EFEADFF2899 /* Pods_LessLinesDemo.framework in Frameworks */ = {isa = PBXBuildFile; fileRef = D9956A293D61F965477D3D02 /* Pods_LessLinesDemo.framework */; };
		F7597B0E219C40450069B265 /* AppDelegate.swift in Sources */ = {isa = PBXBuildFile; fileRef = F7597B0D219C40450069B265 /* AppDelegate.swift */; };
		F7597B10219C40450069B265 /* MainViewController.swift in Sources */ = {isa = PBXBuildFile; fileRef = F7597B0F219C40450069B265 /* MainViewController.swift */; };
		F7597B13219C40450069B265 /* Main.storyboard in Resources */ = {isa = PBXBuildFile; fileRef = F7597B11219C40450069B265 /* Main.storyboard */; };
		F7597B15219C40460069B265 /* Assets.xcassets in Resources */ = {isa = PBXBuildFile; fileRef = F7597B14219C40460069B265 /* Assets.xcassets */; };
		F7597B18219C40460069B265 /* LaunchScreen.storyboard in Resources */ = {isa = PBXBuildFile; fileRef = F7597B16219C40460069B265 /* LaunchScreen.storyboard */; };
		F7883EA9219DACBA006C0708 /* Strings.swift in Sources */ = {isa = PBXBuildFile; fileRef = F7883EA8219DACBA006C0708 /* Strings.swift */; };
		F7883EAB219DB451006C0708 /* Photo.swift in Sources */ = {isa = PBXBuildFile; fileRef = F7883EAA219DB451006C0708 /* Photo.swift */; };
		F7883EAF219DB593006C0708 /* ItemTableViewCell.swift in Sources */ = {isa = PBXBuildFile; fileRef = F7883EAD219DB593006C0708 /* ItemTableViewCell.swift */; };
		F7883EB0219DB593006C0708 /* ItemTableViewCell.xib in Resources */ = {isa = PBXBuildFile; fileRef = F7883EAE219DB593006C0708 /* ItemTableViewCell.xib */; };
		F7883EB6219DB6CE006C0708 /* Photo+ViewModel.swift in Sources */ = {isa = PBXBuildFile; fileRef = F7883EB5219DB6CE006C0708 /* Photo+ViewModel.swift */; };
		F7883EB8219DBE85006C0708 /* UIAppearance.swift in Sources */ = {isa = PBXBuildFile; fileRef = F7883EB7219DBE85006C0708 /* UIAppearance.swift */; };
		F7883EBA219DBEE5006C0708 /* AppDelegate+SetupApp.swift in Sources */ = {isa = PBXBuildFile; fileRef = F7883EB9219DBEE5006C0708 /* AppDelegate+SetupApp.swift */; };
		F7C05816219D9E1A000B70B9 /* Navigator.swift in Sources */ = {isa = PBXBuildFile; fileRef = F7C05815219D9E1A000B70B9 /* Navigator.swift */; };
		F7C05818219D9FB6000B70B9 /* DatasourceFactory.swift in Sources */ = {isa = PBXBuildFile; fileRef = F7C05817219D9FB6000B70B9 /* DatasourceFactory.swift */; };
		F7C0581A219DA015000B70B9 /* TableViewCellType.swift in Sources */ = {isa = PBXBuildFile; fileRef = F7C05819219DA015000B70B9 /* TableViewCellType.swift */; };
		F7C0581C219DA048000B70B9 /* UIStoryboard+Modules.swift in Sources */ = {isa = PBXBuildFile; fileRef = F7C0581B219DA048000B70B9 /* UIStoryboard+Modules.swift */; };
		F7C0581E219DA0E2000B70B9 /* UIViewController+Helpers.swift in Sources */ = {isa = PBXBuildFile; fileRef = F7C0581D219DA0E2000B70B9 /* UIViewController+Helpers.swift */; };
		F7C05820219DA146000B70B9 /* Endpoints.swift in Sources */ = {isa = PBXBuildFile; fileRef = F7C0581F219DA146000B70B9 /* Endpoints.swift */; };
		F7C05822219DA1FC000B70B9 /* LoadingViewController.swift in Sources */ = {isa = PBXBuildFile; fileRef = F7C05821219DA1FC000B70B9 /* LoadingViewController.swift */; };
		F7C05824219DA252000B70B9 /* URLFactory.swift in Sources */ = {isa = PBXBuildFile; fileRef = F7C05823219DA252000B70B9 /* URLFactory.swift */; };
		F7C05826219DA2C6000B70B9 /* WebservicesCore.swift in Sources */ = {isa = PBXBuildFile; fileRef = F7C05825219DA2C6000B70B9 /* WebservicesCore.swift */; };
		F7C05828219DA353000B70B9 /* SwiftLog.swift in Sources */ = {isa = PBXBuildFile; fileRef = F7C05827219DA353000B70B9 /* SwiftLog.swift */; };
		F7C0582A219DA3CB000B70B9 /* TargetAction.swift in Sources */ = {isa = PBXBuildFile; fileRef = F7C05829219DA3CB000B70B9 /* TargetAction.swift */; };
		F7C0582C219DA3FE000B70B9 /* MainContainerViewController.swift in Sources */ = {isa = PBXBuildFile; fileRef = F7C0582B219DA3FE000B70B9 /* MainContainerViewController.swift */; };
		F7C0582E219DA45D000B70B9 /* DeviceOrientation.swift in Sources */ = {isa = PBXBuildFile; fileRef = F7C0582D219DA45D000B70B9 /* DeviceOrientation.swift */; };
		F7C05830219DA493000B70B9 /* CustomNotifications.swift in Sources */ = {isa = PBXBuildFile; fileRef = F7C0582F219DA493000B70B9 /* CustomNotifications.swift */; };
		F7C05832219DA4D2000B70B9 /* GenericTableViewController.swift in Sources */ = {isa = PBXBuildFile; fileRef = F7C05831219DA4D2000B70B9 /* GenericTableViewController.swift */; };
		F7C05834219DA4DF000B70B9 /* GenericCollectionViewController.swift in Sources */ = {isa = PBXBuildFile; fileRef = F7C05833219DA4DF000B70B9 /* GenericCollectionViewController.swift */; };
		F7C05836219DA4E9000B70B9 /* GenericHorizontalCollectionViewController.swift in Sources */ = {isa = PBXBuildFile; fileRef = F7C05835219DA4E9000B70B9 /* GenericHorizontalCollectionViewController.swift */; };
		F7C05838219DA5FE000B70B9 /* UICollectionView+Helpers.swift in Sources */ = {isa = PBXBuildFile; fileRef = F7C05837219DA5FE000B70B9 /* UICollectionView+Helpers.swift */; };
		F7C0583A219DA659000B70B9 /* URLs.plist in Resources */ = {isa = PBXBuildFile; fileRef = F7C05839219DA659000B70B9 /* URLs.plist */; };
		F7C0583C219DA70E000B70B9 /* NSObject+Helpers.swift in Sources */ = {isa = PBXBuildFile; fileRef = F7C0583B219DA70E000B70B9 /* NSObject+Helpers.swift */; };
		F7C0583E219DA725000B70B9 /* UIView+Helpers.swift in Sources */ = {isa = PBXBuildFile; fileRef = F7C0583D219DA725000B70B9 /* UIView+Helpers.swift */; };
		F7C05840219DA741000B70B9 /* String+Helpers.swift in Sources */ = {isa = PBXBuildFile; fileRef = F7C0583F219DA741000B70B9 /* String+Helpers.swift */; };
		F7C05842219DA7A4000B70B9 /* UIApplication+Helpers.swift in Sources */ = {isa = PBXBuildFile; fileRef = F7C05841219DA7A4000B70B9 /* UIApplication+Helpers.swift */; };
		F7C05844219DA7DF000B70B9 /* UIDevice+Helpers.swift in Sources */ = {isa = PBXBuildFile; fileRef = F7C05843219DA7DF000B70B9 /* UIDevice+Helpers.swift */; };
		F7C05846219DA826000B70B9 /* UIImageView+Helpers.swift in Sources */ = {isa = PBXBuildFile; fileRef = F7C05845219DA826000B70B9 /* UIImageView+Helpers.swift */; };
		F7C05848219DA83E000B70B9 /* UILabel+Helpers.swift in Sources */ = {isa = PBXBuildFile; fileRef = F7C05847219DA83E000B70B9 /* UILabel+Helpers.swift */; };
		F7C0584A219DA88C000B70B9 /* UITextField+Helpers.swift in Sources */ = {isa = PBXBuildFile; fileRef = F7C05849219DA88C000B70B9 /* UITextField+Helpers.swift */; };
/* End PBXBuildFile section */

/* Begin PBXFileReference section */
		A37E8536C9FAFDB9D4A810FC /* Pods-LessLinesDemo.debug.xcconfig */ = {isa = PBXFileReference; includeInIndex = 1; lastKnownFileType = text.xcconfig; name = "Pods-LessLinesDemo.debug.xcconfig"; path = "Pods/Target Support Files/Pods-LessLinesDemo/Pods-LessLinesDemo.debug.xcconfig"; sourceTree = "<group>"; };
		D1B3ACB7ADFD039C8EA231B7 /* Pods-LessLinesDemo.release.xcconfig */ = {isa = PBXFileReference; includeInIndex = 1; lastKnownFileType = text.xcconfig; name = "Pods-LessLinesDemo.release.xcconfig"; path = "Pods/Target Support Files/Pods-LessLinesDemo/Pods-LessLinesDemo.release.xcconfig"; sourceTree = "<group>"; };
		D9956A293D61F965477D3D02 /* Pods_LessLinesDemo.framework */ = {isa = PBXFileReference; explicitFileType = wrapper.framework; includeInIndex = 0; path = Pods_LessLinesDemo.framework; sourceTree = BUILT_PRODUCTS_DIR; };
		F7597B0A219C40450069B265 /* LessLinesDemo.app */ = {isa = PBXFileReference; explicitFileType = wrapper.application; includeInIndex = 0; path = LessLinesDemo.app; sourceTree = BUILT_PRODUCTS_DIR; };
		F7597B0D219C40450069B265 /* AppDelegate.swift */ = {isa = PBXFileReference; lastKnownFileType = sourcecode.swift; path = AppDelegate.swift; sourceTree = "<group>"; };
		F7597B0F219C40450069B265 /* MainViewController.swift */ = {isa = PBXFileReference; lastKnownFileType = sourcecode.swift; path = MainViewController.swift; sourceTree = "<group>"; };
		F7597B12219C40450069B265 /* Base */ = {isa = PBXFileReference; lastKnownFileType = file.storyboard; name = Base; path = Base.lproj/Main.storyboard; sourceTree = "<group>"; };
		F7597B14219C40460069B265 /* Assets.xcassets */ = {isa = PBXFileReference; lastKnownFileType = folder.assetcatalog; path = Assets.xcassets; sourceTree = "<group>"; };
		F7597B17219C40460069B265 /* Base */ = {isa = PBXFileReference; lastKnownFileType = file.storyboard; name = Base; path = Base.lproj/LaunchScreen.storyboard; sourceTree = "<group>"; };
		F7597B19219C40460069B265 /* Info.plist */ = {isa = PBXFileReference; lastKnownFileType = text.plist.xml; path = Info.plist; sourceTree = "<group>"; };
		F7883EA8219DACBA006C0708 /* Strings.swift */ = {isa = PBXFileReference; lastKnownFileType = sourcecode.swift; path = Strings.swift; sourceTree = "<group>"; };
		F7883EAA219DB451006C0708 /* Photo.swift */ = {isa = PBXFileReference; fileEncoding = 4; lastKnownFileType = sourcecode.swift; path = Photo.swift; sourceTree = "<group>"; };
		F7883EAD219DB593006C0708 /* ItemTableViewCell.swift */ = {isa = PBXFileReference; lastKnownFileType = sourcecode.swift; path = ItemTableViewCell.swift; sourceTree = "<group>"; };
		F7883EAE219DB593006C0708 /* ItemTableViewCell.xib */ = {isa = PBXFileReference; lastKnownFileType = file.xib; path = ItemTableViewCell.xib; sourceTree = "<group>"; };
		F7883EB5219DB6CE006C0708 /* Photo+ViewModel.swift */ = {isa = PBXFileReference; lastKnownFileType = sourcecode.swift; path = "Photo+ViewModel.swift"; sourceTree = "<group>"; };
		F7883EB7219DBE85006C0708 /* UIAppearance.swift */ = {isa = PBXFileReference; lastKnownFileType = sourcecode.swift; path = UIAppearance.swift; sourceTree = "<group>"; };
		F7883EB9219DBEE5006C0708 /* AppDelegate+SetupApp.swift */ = {isa = PBXFileReference; lastKnownFileType = sourcecode.swift; path = "AppDelegate+SetupApp.swift"; sourceTree = "<group>"; };
		F7C05815219D9E1A000B70B9 /* Navigator.swift */ = {isa = PBXFileReference; lastKnownFileType = sourcecode.swift; path = Navigator.swift; sourceTree = "<group>"; };
		F7C05817219D9FB6000B70B9 /* DatasourceFactory.swift */ = {isa = PBXFileReference; lastKnownFileType = sourcecode.swift; path = DatasourceFactory.swift; sourceTree = "<group>"; };
		F7C05819219DA015000B70B9 /* TableViewCellType.swift */ = {isa = PBXFileReference; lastKnownFileType = sourcecode.swift; path = TableViewCellType.swift; sourceTree = "<group>"; };
		F7C0581B219DA048000B70B9 /* UIStoryboard+Modules.swift */ = {isa = PBXFileReference; lastKnownFileType = sourcecode.swift; path = "UIStoryboard+Modules.swift"; sourceTree = "<group>"; };
		F7C0581D219DA0E2000B70B9 /* UIViewController+Helpers.swift */ = {isa = PBXFileReference; lastKnownFileType = sourcecode.swift; path = "UIViewController+Helpers.swift"; sourceTree = "<group>"; };
		F7C0581F219DA146000B70B9 /* Endpoints.swift */ = {isa = PBXFileReference; lastKnownFileType = sourcecode.swift; path = Endpoints.swift; sourceTree = "<group>"; };
		F7C05821219DA1FC000B70B9 /* LoadingViewController.swift */ = {isa = PBXFileReference; lastKnownFileType = sourcecode.swift; path = LoadingViewController.swift; sourceTree = "<group>"; };
		F7C05823219DA252000B70B9 /* URLFactory.swift */ = {isa = PBXFileReference; lastKnownFileType = sourcecode.swift; path = URLFactory.swift; sourceTree = "<group>"; };
		F7C05825219DA2C6000B70B9 /* WebservicesCore.swift */ = {isa = PBXFileReference; lastKnownFileType = sourcecode.swift; path = WebservicesCore.swift; sourceTree = "<group>"; };
		F7C05827219DA353000B70B9 /* SwiftLog.swift */ = {isa = PBXFileReference; lastKnownFileType = sourcecode.swift; path = SwiftLog.swift; sourceTree = "<group>"; };
		F7C05829219DA3CB000B70B9 /* TargetAction.swift */ = {isa = PBXFileReference; lastKnownFileType = sourcecode.swift; path = TargetAction.swift; sourceTree = "<group>"; };
		F7C0582B219DA3FE000B70B9 /* MainContainerViewController.swift */ = {isa = PBXFileReference; lastKnownFileType = sourcecode.swift; path = MainContainerViewController.swift; sourceTree = "<group>"; };
		F7C0582D219DA45D000B70B9 /* DeviceOrientation.swift */ = {isa = PBXFileReference; lastKnownFileType = sourcecode.swift; path = DeviceOrientation.swift; sourceTree = "<group>"; };
		F7C0582F219DA493000B70B9 /* CustomNotifications.swift */ = {isa = PBXFileReference; lastKnownFileType = sourcecode.swift; path = CustomNotifications.swift; sourceTree = "<group>"; };
		F7C05831219DA4D2000B70B9 /* GenericTableViewController.swift */ = {isa = PBXFileReference; lastKnownFileType = sourcecode.swift; path = GenericTableViewController.swift; sourceTree = "<group>"; };
		F7C05833219DA4DF000B70B9 /* GenericCollectionViewController.swift */ = {isa = PBXFileReference; lastKnownFileType = sourcecode.swift; path = GenericCollectionViewController.swift; sourceTree = "<group>"; };
		F7C05835219DA4E9000B70B9 /* GenericHorizontalCollectionViewController.swift */ = {isa = PBXFileReference; lastKnownFileType = sourcecode.swift; path = GenericHorizontalCollectionViewController.swift; sourceTree = "<group>"; };
		F7C05837219DA5FE000B70B9 /* UICollectionView+Helpers.swift */ = {isa = PBXFileReference; lastKnownFileType = sourcecode.swift; path = "UICollectionView+Helpers.swift"; sourceTree = "<group>"; };
		F7C05839219DA659000B70B9 /* URLs.plist */ = {isa = PBXFileReference; lastKnownFileType = text.plist.xml; path = URLs.plist; sourceTree = "<group>"; };
		F7C0583B219DA70E000B70B9 /* NSObject+Helpers.swift */ = {isa = PBXFileReference; lastKnownFileType = sourcecode.swift; path = "NSObject+Helpers.swift"; sourceTree = "<group>"; };
		F7C0583D219DA725000B70B9 /* UIView+Helpers.swift */ = {isa = PBXFileReference; lastKnownFileType = sourcecode.swift; path = "UIView+Helpers.swift"; sourceTree = "<group>"; };
		F7C0583F219DA741000B70B9 /* String+Helpers.swift */ = {isa = PBXFileReference; lastKnownFileType = sourcecode.swift; path = "String+Helpers.swift"; sourceTree = "<group>"; };
		F7C05841219DA7A4000B70B9 /* UIApplication+Helpers.swift */ = {isa = PBXFileReference; lastKnownFileType = sourcecode.swift; path = "UIApplication+Helpers.swift"; sourceTree = "<group>"; };
		F7C05843219DA7DF000B70B9 /* UIDevice+Helpers.swift */ = {isa = PBXFileReference; lastKnownFileType = sourcecode.swift; path = "UIDevice+Helpers.swift"; sourceTree = "<group>"; };
		F7C05845219DA826000B70B9 /* UIImageView+Helpers.swift */ = {isa = PBXFileReference; lastKnownFileType = sourcecode.swift; path = "UIImageView+Helpers.swift"; sourceTree = "<group>"; };
		F7C05847219DA83E000B70B9 /* UILabel+Helpers.swift */ = {isa = PBXFileReference; lastKnownFileType = sourcecode.swift; path = "UILabel+Helpers.swift"; sourceTree = "<group>"; };
		F7C05849219DA88C000B70B9 /* UITextField+Helpers.swift */ = {isa = PBXFileReference; lastKnownFileType = sourcecode.swift; path = "UITextField+Helpers.swift"; sourceTree = "<group>"; };
/* End PBXFileReference section */

/* Begin PBXFrameworksBuildPhase section */
		F7597B07219C40450069B265 /* Frameworks */ = {
			isa = PBXFrameworksBuildPhase;
			buildActionMask = 2147483647;
			files = (
				AA0A408B54618EFEADFF2899 /* Pods_LessLinesDemo.framework in Frameworks */,
			);
			runOnlyForDeploymentPostprocessing = 0;
		};
/* End PBXFrameworksBuildPhase section */

/* Begin PBXGroup section */
		E856CE09CA8C469BF4C011D7 /* Frameworks */ = {
			isa = PBXGroup;
			children = (
				D9956A293D61F965477D3D02 /* Pods_LessLinesDemo.framework */,
			);
			name = Frameworks;
			sourceTree = "<group>";
		};
		F7597B01219C40450069B265 = {
			isa = PBXGroup;
			children = (
				F7597B0C219C40450069B265 /* LessLinesDemo */,
				F7597B0B219C40450069B265 /* Products */,
				FC8A7ACF235CABBAEE466D97 /* Pods */,
				E856CE09CA8C469BF4C011D7 /* Frameworks */,
			);
			sourceTree = "<group>";
		};
		F7597B0B219C40450069B265 /* Products */ = {
			isa = PBXGroup;
			children = (
				F7597B0A219C40450069B265 /* LessLinesDemo.app */,
			);
			name = Products;
			sourceTree = "<group>";
		};
		F7597B0C219C40450069B265 /* LessLinesDemo */ = {
			isa = PBXGroup;
			children = (
				F7597B1F219C40670069B265 /* AppDelegate */,
				F7C0580F219D9BDE000B70B9 /* Constants */,
				F7C0580A219D9A87000B70B9 /* Datasource */,
				F7C05810219D9BE6000B70B9 /* Design */,
				F7C05813219D9C92000B70B9 /* Endpoints */,
				F7597B22219C411F0069B265 /* Extensions */,
				F7597B23219C41270069B265 /* Models */,
				F7C05814219D9DA1000B70B9 /* Navigation */,
				F7C0580B219D9AB4000B70B9 /* Networking */,
				F7C05812219D9C57000B70B9 /* Protocols */,
				F7597B21219C41000069B265 /* Resources */,
				F7C05808219D9818000B70B9 /* Supporting Files */,
				F7C0580E219D9BC8000B70B9 /* Utilities */,
				F7597B20219C40D10069B265 /* ViewControllers */,
				F7C0580D219D9B46000B70B9 /* ViewModels */,
				F7C0580C219D9AF5000B70B9 /* Views */,
			);
			path = LessLinesDemo;
			sourceTree = "<group>";
		};
		F7597B1F219C40670069B265 /* AppDelegate */ = {
			isa = PBXGroup;
			children = (
				F7597B0D219C40450069B265 /* AppDelegate.swift */,
				F7883EB9219DBEE5006C0708 /* AppDelegate+SetupApp.swift */,
			);
			path = AppDelegate;
			sourceTree = "<group>";
		};
		F7597B20219C40D10069B265 /* ViewControllers */ = {
			isa = PBXGroup;
			children = (
				F7C05809219D9A3D000B70B9 /* Base */,
				F7597B0F219C40450069B265 /* MainViewController.swift */,
			);
			path = ViewControllers;
			sourceTree = "<group>";
		};
		F7597B21219C41000069B265 /* Resources */ = {
			isa = PBXGroup;
			children = (
				F7883EAC219DB567006C0708 /* Xibs */,
				F7597B26219C479F0069B265 /* Plists */,
				F7597B25219C45890069B265 /* Assets */,
				F7597B24219C45750069B265 /* Storyboards */,
			);
			path = Resources;
			sourceTree = "<group>";
		};
		F7597B22219C411F0069B265 /* Extensions */ = {
			isa = PBXGroup;
			children = (
				F7C0581D219DA0E2000B70B9 /* UIViewController+Helpers.swift */,
				F7C05837219DA5FE000B70B9 /* UICollectionView+Helpers.swift */,
				F7C0583B219DA70E000B70B9 /* NSObject+Helpers.swift */,
				F7C0583D219DA725000B70B9 /* UIView+Helpers.swift */,
				F7C0583F219DA741000B70B9 /* String+Helpers.swift */,
				F7C05841219DA7A4000B70B9 /* UIApplication+Helpers.swift */,
				F7C05843219DA7DF000B70B9 /* UIDevice+Helpers.swift */,
				F7C05845219DA826000B70B9 /* UIImageView+Helpers.swift */,
				F7C05847219DA83E000B70B9 /* UILabel+Helpers.swift */,
				F7C05849219DA88C000B70B9 /* UITextField+Helpers.swift */,
			);
			path = Extensions;
			sourceTree = "<group>";
		};
		F7597B23219C41270069B265 /* Models */ = {
			isa = PBXGroup;
			children = (
				F7883EAA219DB451006C0708 /* Photo.swift */,
			);
			path = Models;
			sourceTree = "<group>";
		};
		F7597B24219C45750069B265 /* Storyboards */ = {
			isa = PBXGroup;
			children = (
				F7597B11219C40450069B265 /* Main.storyboard */,
				F7597B16219C40460069B265 /* LaunchScreen.storyboard */,
			);
			path = Storyboards;
			sourceTree = "<group>";
		};
		F7597B25219C45890069B265 /* Assets */ = {
			isa = PBXGroup;
			children = (
				F7597B14219C40460069B265 /* Assets.xcassets */,
			);
			path = Assets;
			sourceTree = "<group>";
		};
		F7597B26219C479F0069B265 /* Plists */ = {
			isa = PBXGroup;
			children = (
				F7C05839219DA659000B70B9 /* URLs.plist */,
			);
			path = Plists;
			sourceTree = "<group>";
		};
		F7883EAC219DB567006C0708 /* Xibs */ = {
			isa = PBXGroup;
			children = (
				F7883EAE219DB593006C0708 /* ItemTableViewCell.xib */,
			);
			path = Xibs;
			sourceTree = "<group>";
		};
		F7C05808219D9818000B70B9 /* Supporting Files */ = {
			isa = PBXGroup;
			children = (
				F7597B19219C40460069B265 /* Info.plist */,
			);
			path = "Supporting Files";
			sourceTree = "<group>";
		};
		F7C05809219D9A3D000B70B9 /* Base */ = {
			isa = PBXGroup;
			children = (
				F7C0582B219DA3FE000B70B9 /* MainContainerViewController.swift */,
				F7C05831219DA4D2000B70B9 /* GenericTableViewController.swift */,
				F7C05833219DA4DF000B70B9 /* GenericCollectionViewController.swift */,
				F7C05835219DA4E9000B70B9 /* GenericHorizontalCollectionViewController.swift */,
			);
			path = Base;
			sourceTree = "<group>";
		};
		F7C0580A219D9A87000B70B9 /* Datasource */ = {
			isa = PBXGroup;
			children = (
				F7C05817219D9FB6000B70B9 /* DatasourceFactory.swift */,
				F7C05819219DA015000B70B9 /* TableViewCellType.swift */,
			);
			path = Datasource;
			sourceTree = "<group>";
		};
		F7C0580B219D9AB4000B70B9 /* Networking */ = {
			isa = PBXGroup;
			children = (
				F7C05825219DA2C6000B70B9 /* WebservicesCore.swift */,
			);
			path = Networking;
			sourceTree = "<group>";
		};
		F7C0580C219D9AF5000B70B9 /* Views */ = {
			isa = PBXGroup;
			children = (
				F7883EAD219DB593006C0708 /* ItemTableViewCell.swift */,
			);
			path = Views;
			sourceTree = "<group>";
		};
		F7C0580D219D9B46000B70B9 /* ViewModels */ = {
			isa = PBXGroup;
			children = (
				F7883EB5219DB6CE006C0708 /* Photo+ViewModel.swift */,
			);
			path = ViewModels;
			sourceTree = "<group>";
		};
		F7C0580E219D9BC8000B70B9 /* Utilities */ = {
			isa = PBXGroup;
			children = (
				F7C0581B219DA048000B70B9 /* UIStoryboard+Modules.swift */,
				F7C05823219DA252000B70B9 /* URLFactory.swift */,
				F7C05827219DA353000B70B9 /* SwiftLog.swift */,
				F7C05829219DA3CB000B70B9 /* TargetAction.swift */,
				F7C0582D219DA45D000B70B9 /* DeviceOrientation.swift */,
				F7C0582F219DA493000B70B9 /* CustomNotifications.swift */,
			);
			path = Utilities;
			sourceTree = "<group>";
		};
		F7C0580F219D9BDE000B70B9 /* Constants */ = {
			isa = PBXGroup;
			children = (
				F7883EA8219DACBA006C0708 /* Strings.swift */,
			);
			path = Constants;
			sourceTree = "<group>";
		};
		F7C05810219D9BE6000B70B9 /* Design */ = {
			isa = PBXGroup;
			children = (
				F7883EB7219DBE85006C0708 /* UIAppearance.swift */,
			);
			path = Design;
			sourceTree = "<group>";
		};
		F7C05812219D9C57000B70B9 /* Protocols */ = {
			isa = PBXGroup;
			children = (
				F7C05821219DA1FC000B70B9 /* LoadingViewController.swift */,
			);
			path = Protocols;
			sourceTree = "<group>";
		};
		F7C05813219D9C92000B70B9 /* Endpoints */ = {
			isa = PBXGroup;
			children = (
				F7C0581F219DA146000B70B9 /* Endpoints.swift */,
			);
			path = Endpoints;
			sourceTree = "<group>";
		};
		F7C05814219D9DA1000B70B9 /* Navigation */ = {
			isa = PBXGroup;
			children = (
				F7C05815219D9E1A000B70B9 /* Navigator.swift */,
			);
			path = Navigation;
			sourceTree = "<group>";
		};
		FC8A7ACF235CABBAEE466D97 /* Pods */ = {
			isa = PBXGroup;
			children = (
				A37E8536C9FAFDB9D4A810FC /* Pods-LessLinesDemo.debug.xcconfig */,
				D1B3ACB7ADFD039C8EA231B7 /* Pods-LessLinesDemo.release.xcconfig */,
			);
			name = Pods;
			sourceTree = "<group>";
		};
/* End PBXGroup section */

/* Begin PBXNativeTarget section */
		F7597B09219C40450069B265 /* LessLinesDemo */ = {
			isa = PBXNativeTarget;
			buildConfigurationList = F7597B1C219C40460069B265 /* Build configuration list for PBXNativeTarget "LessLinesDemo" */;
			buildPhases = (
				3DF3FABFF19D852AEEF44DDC /* [CP] Check Pods Manifest.lock */,
				F7597B06219C40450069B265 /* Sources */,
				F7597B07219C40450069B265 /* Frameworks */,
				F7597B08219C40450069B265 /* Resources */,
				2C84A4E7D16CEC8A15AA20E1 /* [CP] Embed Pods Frameworks */,
			);
			buildRules = (
			);
			dependencies = (
			);
			name = LessLinesDemo;
			productName = LessLinesDemo;
			productReference = F7597B0A219C40450069B265 /* LessLinesDemo.app */;
			productType = "com.apple.product-type.application";
		};
/* End PBXNativeTarget section */

/* Begin PBXProject section */
		F7597B02219C40450069B265 /* Project object */ = {
			isa = PBXProject;
			attributes = {
				LastSwiftUpdateCheck = 1010;
				LastUpgradeCheck = 1010;
				ORGANIZATIONNAME = Mustafa;
				TargetAttributes = {
					F7597B09219C40450069B265 = {
						CreatedOnToolsVersion = 10.1;
					};
				};
			};
			buildConfigurationList = F7597B05219C40450069B265 /* Build configuration list for PBXProject "LessLinesDemo" */;
			compatibilityVersion = "Xcode 9.3";
			developmentRegion = en;
			hasScannedForEncodings = 0;
			knownRegions = (
				en,
				Base,
			);
			mainGroup = F7597B01219C40450069B265;
			productRefGroup = F7597B0B219C40450069B265 /* Products */;
			projectDirPath = "";
			projectRoot = "";
			targets = (
				F7597B09219C40450069B265 /* LessLinesDemo */,
			);
		};
/* End PBXProject section */

/* Begin PBXResourcesBuildPhase section */
		F7597B08219C40450069B265 /* Resources */ = {
			isa = PBXResourcesBuildPhase;
			buildActionMask = 2147483647;
			files = (
				F7597B18219C40460069B265 /* LaunchScreen.storyboard in Resources */,
				F7597B15219C40460069B265 /* Assets.xcassets in Resources */,
				F7C0583A219DA659000B70B9 /* URLs.plist in Resources */,
				F7883EB0219DB593006C0708 /* ItemTableViewCell.xib in Resources */,
				F7597B13219C40450069B265 /* Main.storyboard in Resources */,
			);
			runOnlyForDeploymentPostprocessing = 0;
		};
/* End PBXResourcesBuildPhase section */

/* Begin PBXShellScriptBuildPhase section */
		2C84A4E7D16CEC8A15AA20E1 /* [CP] Embed Pods Frameworks */ = {
			isa = PBXShellScriptBuildPhase;
			buildActionMask = 2147483647;
			files = (
			);
			inputPaths = (
				"${SRCROOT}/Pods/Target Support Files/Pods-LessLinesDemo/Pods-LessLinesDemo-frameworks.sh",
				"${BUILT_PRODUCTS_DIR}/Alamofire/Alamofire.framework",
				"${BUILT_PRODUCTS_DIR}/CryptoSwift/CryptoSwift.framework",
				"${BUILT_PRODUCTS_DIR}/Kingfisher/Kingfisher.framework",
				"${BUILT_PRODUCTS_DIR}/SVProgressHUD/SVProgressHUD.framework",
				"${BUILT_PRODUCTS_DIR}/SwiftyJSON/SwiftyJSON.framework",
			);
			name = "[CP] Embed Pods Frameworks";
			outputPaths = (
				"${TARGET_BUILD_DIR}/${FRAMEWORKS_FOLDER_PATH}/Alamofire.framework",
				"${TARGET_BUILD_DIR}/${FRAMEWORKS_FOLDER_PATH}/CryptoSwift.framework",
				"${TARGET_BUILD_DIR}/${FRAMEWORKS_FOLDER_PATH}/Kingfisher.framework",
				"${TARGET_BUILD_DIR}/${FRAMEWORKS_FOLDER_PATH}/SVProgressHUD.framework",
				"${TARGET_BUILD_DIR}/${FRAMEWORKS_FOLDER_PATH}/SwiftyJSON.framework",
			);
			runOnlyForDeploymentPostprocessing = 0;
			shellPath = /bin/sh;
			shellScript = "\"${SRCROOT}/Pods/Target Support Files/Pods-LessLinesDemo/Pods-LessLinesDemo-frameworks.sh\"\n";
			showEnvVarsInLog = 0;
		};
		3DF3FABFF19D852AEEF44DDC /* [CP] Check Pods Manifest.lock */ = {
			isa = PBXShellScriptBuildPhase;
			buildActionMask = 2147483647;
			files = (
			);
			inputPaths = (
				"${PODS_PODFILE_DIR_PATH}/Podfile.lock",
				"${PODS_ROOT}/Manifest.lock",
			);
			name = "[CP] Check Pods Manifest.lock";
			outputPaths = (
				"$(DERIVED_FILE_DIR)/Pods-LessLinesDemo-checkManifestLockResult.txt",
			);
			runOnlyForDeploymentPostprocessing = 0;
			shellPath = /bin/sh;
			shellScript = "diff \"${PODS_PODFILE_DIR_PATH}/Podfile.lock\" \"${PODS_ROOT}/Manifest.lock\" > /dev/null\nif [ $? != 0 ] ; then\n    # print error to STDERR\n    echo \"error: The sandbox is not in sync with the Podfile.lock. Run 'pod install' or update your CocoaPods installation.\" >&2\n    exit 1\nfi\n# This output is used by Xcode 'outputs' to avoid re-running this script phase.\necho \"SUCCESS\" > \"${SCRIPT_OUTPUT_FILE_0}\"\n";
			showEnvVarsInLog = 0;
		};
/* End PBXShellScriptBuildPhase section */

/* Begin PBXSourcesBuildPhase section */
		F7597B06219C40450069B265 /* Sources */ = {
			isa = PBXSourcesBuildPhase;
			buildActionMask = 2147483647;
			files = (
				F7C05828219DA353000B70B9 /* SwiftLog.swift in Sources */,
				F7597B10219C40450069B265 /* MainViewController.swift in Sources */,
				F7C0581A219DA015000B70B9 /* TableViewCellType.swift in Sources */,
				F7C0583C219DA70E000B70B9 /* NSObject+Helpers.swift in Sources */,
				F7C05826219DA2C6000B70B9 /* WebservicesCore.swift in Sources */,
				F7C05844219DA7DF000B70B9 /* UIDevice+Helpers.swift in Sources */,
				F7C0581C219DA048000B70B9 /* UIStoryboard+Modules.swift in Sources */,
				F7C05842219DA7A4000B70B9 /* UIApplication+Helpers.swift in Sources */,
				F7C0583E219DA725000B70B9 /* UIView+Helpers.swift in Sources */,
				F7C05818219D9FB6000B70B9 /* DatasourceFactory.swift in Sources */,
				F7C05846219DA826000B70B9 /* UIImageView+Helpers.swift in Sources */,
				F7883EB8219DBE85006C0708 /* UIAppearance.swift in Sources */,
				F7C05836219DA4E9000B70B9 /* GenericHorizontalCollectionViewController.swift in Sources */,
				F7C05848219DA83E000B70B9 /* UILabel+Helpers.swift in Sources */,
				F7C0584A219DA88C000B70B9 /* UITextField+Helpers.swift in Sources */,
				F7597B0E219C40450069B265 /* AppDelegate.swift in Sources */,
				F7C0582A219DA3CB000B70B9 /* TargetAction.swift in Sources */,
				F7C05822219DA1FC000B70B9 /* LoadingViewController.swift in Sources */,
				F7883EB6219DB6CE006C0708 /* Photo+ViewModel.swift in Sources */,
				F7C05840219DA741000B70B9 /* String+Helpers.swift in Sources */,
				F7C05830219DA493000B70B9 /* CustomNotifications.swift in Sources */,
				F7C05824219DA252000B70B9 /* URLFactory.swift in Sources */,
				F7C05838219DA5FE000B70B9 /* UICollectionView+Helpers.swift in Sources */,
				F7C0582E219DA45D000B70B9 /* DeviceOrientation.swift in Sources */,
				F7883EA9219DACBA006C0708 /* Strings.swift in Sources */,
				F7C05832219DA4D2000B70B9 /* GenericTableViewController.swift in Sources */,
				F7883EAB219DB451006C0708 /* Photo.swift in Sources */,
				F7C05816219D9E1A000B70B9 /* Navigator.swift in Sources */,
				F7C05820219DA146000B70B9 /* Endpoints.swift in Sources */,
				F7C0581E219DA0E2000B70B9 /* UIViewController+Helpers.swift in Sources */,
				F7C05834219DA4DF000B70B9 /* GenericCollectionViewController.swift in Sources */,
				F7883EAF219DB593006C0708 /* ItemTableViewCell.swift in Sources */,
				F7883EBA219DBEE5006C0708 /* AppDelegate+SetupApp.swift in Sources */,
				F7C0582C219DA3FE000B70B9 /* MainContainerViewController.swift in Sources */,
			);
			runOnlyForDeploymentPostprocessing = 0;
		};
/* End PBXSourcesBuildPhase section */

/* Begin PBXVariantGroup section */
		F7597B11219C40450069B265 /* Main.storyboard */ = {
			isa = PBXVariantGroup;
			children = (
				F7597B12219C40450069B265 /* Base */,
			);
			name = Main.storyboard;
			sourceTree = "<group>";
		};
		F7597B16219C40460069B265 /* LaunchScreen.storyboard */ = {
			isa = PBXVariantGroup;
			children = (
				F7597B17219C40460069B265 /* Base */,
			);
			name = LaunchScreen.storyboard;
			sourceTree = "<group>";
		};
/* End PBXVariantGroup section */

/* Begin XCBuildConfiguration section */
		F7597B1A219C40460069B265 /* Debug */ = {
			isa = XCBuildConfiguration;
			buildSettings = {
				ALWAYS_SEARCH_USER_PATHS = NO;
				CLANG_ANALYZER_NONNULL = YES;
				CLANG_ANALYZER_NUMBER_OBJECT_CONVERSION = YES_AGGRESSIVE;
				CLANG_CXX_LANGUAGE_STANDARD = "gnu++14";
				CLANG_CXX_LIBRARY = "libc++";
				CLANG_ENABLE_MODULES = YES;
				CLANG_ENABLE_OBJC_ARC = YES;
				CLANG_ENABLE_OBJC_WEAK = YES;
				CLANG_WARN_BLOCK_CAPTURE_AUTORELEASING = YES;
				CLANG_WARN_BOOL_CONVERSION = YES;
				CLANG_WARN_COMMA = YES;
				CLANG_WARN_CONSTANT_CONVERSION = YES;
				CLANG_WARN_DEPRECATED_OBJC_IMPLEMENTATIONS = YES;
				CLANG_WARN_DIRECT_OBJC_ISA_USAGE = YES_ERROR;
				CLANG_WARN_DOCUMENTATION_COMMENTS = YES;
				CLANG_WARN_EMPTY_BODY = YES;
				CLANG_WARN_ENUM_CONVERSION = YES;
				CLANG_WARN_INFINITE_RECURSION = YES;
				CLANG_WARN_INT_CONVERSION = YES;
				CLANG_WARN_NON_LITERAL_NULL_CONVERSION = YES;
				CLANG_WARN_OBJC_IMPLICIT_RETAIN_SELF = YES;
				CLANG_WARN_OBJC_LITERAL_CONVERSION = YES;
				CLANG_WARN_OBJC_ROOT_CLASS = YES_ERROR;
				CLANG_WARN_RANGE_LOOP_ANALYSIS = YES;
				CLANG_WARN_STRICT_PROTOTYPES = YES;
				CLANG_WARN_SUSPICIOUS_MOVE = YES;
				CLANG_WARN_UNGUARDED_AVAILABILITY = YES_AGGRESSIVE;
				CLANG_WARN_UNREACHABLE_CODE = YES;
				CLANG_WARN__DUPLICATE_METHOD_MATCH = YES;
				CODE_SIGN_IDENTITY = "iPhone Developer";
				COPY_PHASE_STRIP = NO;
				DEBUG_INFORMATION_FORMAT = dwarf;
				ENABLE_STRICT_OBJC_MSGSEND = YES;
				ENABLE_TESTABILITY = YES;
				GCC_C_LANGUAGE_STANDARD = gnu11;
				GCC_DYNAMIC_NO_PIC = NO;
				GCC_NO_COMMON_BLOCKS = YES;
				GCC_OPTIMIZATION_LEVEL = 0;
				GCC_PREPROCESSOR_DEFINITIONS = (
					"DEBUG=1",
					"$(inherited)",
				);
				GCC_WARN_64_TO_32_BIT_CONVERSION = YES;
				GCC_WARN_ABOUT_RETURN_TYPE = YES_ERROR;
				GCC_WARN_UNDECLARED_SELECTOR = YES;
				GCC_WARN_UNINITIALIZED_AUTOS = YES_AGGRESSIVE;
				GCC_WARN_UNUSED_FUNCTION = YES;
				GCC_WARN_UNUSED_VARIABLE = YES;
				IPHONEOS_DEPLOYMENT_TARGET = 12.1;
				MTL_ENABLE_DEBUG_INFO = INCLUDE_SOURCE;
				MTL_FAST_MATH = YES;
				ONLY_ACTIVE_ARCH = YES;
				SDKROOT = iphoneos;
				SWIFT_ACTIVE_COMPILATION_CONDITIONS = DEBUG;
				SWIFT_OPTIMIZATION_LEVEL = "-Onone";
			};
			name = Debug;
		};
		F7597B1B219C40460069B265 /* Release */ = {
			isa = XCBuildConfiguration;
			buildSettings = {
				ALWAYS_SEARCH_USER_PATHS = NO;
				CLANG_ANALYZER_NONNULL = YES;
				CLANG_ANALYZER_NUMBER_OBJECT_CONVERSION = YES_AGGRESSIVE;
				CLANG_CXX_LANGUAGE_STANDARD = "gnu++14";
				CLANG_CXX_LIBRARY = "libc++";
				CLANG_ENABLE_MODULES = YES;
				CLANG_ENABLE_OBJC_ARC = YES;
				CLANG_ENABLE_OBJC_WEAK = YES;
				CLANG_WARN_BLOCK_CAPTURE_AUTORELEASING = YES;
				CLANG_WARN_BOOL_CONVERSION = YES;
				CLANG_WARN_COMMA = YES;
				CLANG_WARN_CONSTANT_CONVERSION = YES;
				CLANG_WARN_DEPRECATED_OBJC_IMPLEMENTATIONS = YES;
				CLANG_WARN_DIRECT_OBJC_ISA_USAGE = YES_ERROR;
				CLANG_WARN_DOCUMENTATION_COMMENTS = YES;
				CLANG_WARN_EMPTY_BODY = YES;
				CLANG_WARN_ENUM_CONVERSION = YES;
				CLANG_WARN_INFINITE_RECURSION = YES;
				CLANG_WARN_INT_CONVERSION = YES;
				CLANG_WARN_NON_LITERAL_NULL_CONVERSION = YES;
				CLANG_WARN_OBJC_IMPLICIT_RETAIN_SELF = YES;
				CLANG_WARN_OBJC_LITERAL_CONVERSION = YES;
				CLANG_WARN_OBJC_ROOT_CLASS = YES_ERROR;
				CLANG_WARN_RANGE_LOOP_ANALYSIS = YES;
				CLANG_WARN_STRICT_PROTOTYPES = YES;
				CLANG_WARN_SUSPICIOUS_MOVE = YES;
				CLANG_WARN_UNGUARDED_AVAILABILITY = YES_AGGRESSIVE;
				CLANG_WARN_UNREACHABLE_CODE = YES;
				CLANG_WARN__DUPLICATE_METHOD_MATCH = YES;
				CODE_SIGN_IDENTITY = "iPhone Developer";
				COPY_PHASE_STRIP = NO;
				DEBUG_INFORMATION_FORMAT = "dwarf-with-dsym";
				ENABLE_NS_ASSERTIONS = NO;
				ENABLE_STRICT_OBJC_MSGSEND = YES;
				GCC_C_LANGUAGE_STANDARD = gnu11;
				GCC_NO_COMMON_BLOCKS = YES;
				GCC_WARN_64_TO_32_BIT_CONVERSION = YES;
				GCC_WARN_ABOUT_RETURN_TYPE = YES_ERROR;
				GCC_WARN_UNDECLARED_SELECTOR = YES;
				GCC_WARN_UNINITIALIZED_AUTOS = YES_AGGRESSIVE;
				GCC_WARN_UNUSED_FUNCTION = YES;
				GCC_WARN_UNUSED_VARIABLE = YES;
				IPHONEOS_DEPLOYMENT_TARGET = 12.1;
				MTL_ENABLE_DEBUG_INFO = NO;
				MTL_FAST_MATH = YES;
				SDKROOT = iphoneos;
				SWIFT_COMPILATION_MODE = wholemodule;
				SWIFT_OPTIMIZATION_LEVEL = "-O";
				VALIDATE_PRODUCT = YES;
			};
			name = Release;
		};
		F7597B1D219C40460069B265 /* Debug */ = {
			isa = XCBuildConfiguration;
			baseConfigurationReference = A37E8536C9FAFDB9D4A810FC /* Pods-LessLinesDemo.debug.xcconfig */;
			buildSettings = {
				ASSETCATALOG_COMPILER_APPICON_NAME = AppIcon;
				CODE_SIGN_STYLE = Automatic;
				DEVELOPMENT_TEAM = D2CHB59N5N;
				INFOPLIST_FILE = "$(SRCROOT)/LessLinesDemo/Supporting Files/Info.plist";
				LD_RUNPATH_SEARCH_PATHS = (
					"$(inherited)",
					"@executable_path/Frameworks",
				);
				OTHER_SWIFT_FLAGS = "-D DEBUG";
				PRODUCT_BUNDLE_IDENTIFIER = com.mustafa.LessLinesDemo;
				PRODUCT_NAME = "$(TARGET_NAME)";
				SWIFT_VERSION = 4.2;
				TARGETED_DEVICE_FAMILY = "1,2";
			};
			name = Debug;
		};
		F7597B1E219C40460069B265 /* Release */ = {
			isa = XCBuildConfiguration;
			baseConfigurationReference = D1B3ACB7ADFD039C8EA231B7 /* Pods-LessLinesDemo.release.xcconfig */;
			buildSettings = {
				ASSETCATALOG_COMPILER_APPICON_NAME = AppIcon;
				CODE_SIGN_STYLE = Automatic;
				DEVELOPMENT_TEAM = D2CHB59N5N;
				INFOPLIST_FILE = "$(SRCROOT)/LessLinesDemo/Supporting Files/Info.plist";
				LD_RUNPATH_SEARCH_PATHS = (
					"$(inherited)",
					"@executable_path/Frameworks",
				);
				OTHER_SWIFT_FLAGS = "";
				PRODUCT_BUNDLE_IDENTIFIER = com.mustafa.LessLinesDemo;
				PRODUCT_NAME = "$(TARGET_NAME)";
				SWIFT_VERSION = 4.2;
				TARGETED_DEVICE_FAMILY = "1,2";
			};
			name = Release;
		};
/* End XCBuildConfiguration section */

/* Begin XCConfigurationList section */
		F7597B05219C40450069B265 /* Build configuration list for PBXProject "LessLinesDemo" */ = {
			isa = XCConfigurationList;
			buildConfigurations = (
				F7597B1A219C40460069B265 /* Debug */,
				F7597B1B219C40460069B265 /* Release */,
			);
			defaultConfigurationIsVisible = 0;
			defaultConfigurationName = Release;
		};
		F7597B1C219C40460069B265 /* Build configuration list for PBXNativeTarget "LessLinesDemo" */ = {
			isa = XCConfigurationList;
			buildConfigurations = (
				F7597B1D219C40460069B265 /* Debug */,
				F7597B1E219C40460069B265 /* Release */,
			);
			defaultConfigurationIsVisible = 0;
			defaultConfigurationName = Release;
		};
/* End XCConfigurationList section */
	};
	rootObject = F7597B02219C40450069B265 /* Project object */;
}
